// !$*UTF8*$!
{
	archiveVersion = 1;
	classes = {
	};
	objectVersion = 50;
	objects = {

/* Begin PBXBuildFile section */
		1404B1E924B3DF9E00AB87E9 /* AppDelegate.swift in Sources */ = {isa = PBXBuildFile; fileRef = 1404B1E824B3DF9E00AB87E9 /* AppDelegate.swift */; };
		1404B1EB24B3DF9E00AB87E9 /* SceneDelegate.swift in Sources */ = {isa = PBXBuildFile; fileRef = 1404B1EA24B3DF9E00AB87E9 /* SceneDelegate.swift */; };
		1404B1ED24B3DF9E00AB87E9 /* ContentView.swift in Sources */ = {isa = PBXBuildFile; fileRef = 1404B1EC24B3DF9E00AB87E9 /* ContentView.swift */; };
		1404B1EF24B3DFA000AB87E9 /* Assets.xcassets in Resources */ = {isa = PBXBuildFile; fileRef = 1404B1EE24B3DFA000AB87E9 /* Assets.xcassets */; };
		1404B1F224B3DFA000AB87E9 /* Preview Assets.xcassets in Resources */ = {isa = PBXBuildFile; fileRef = 1404B1F124B3DFA000AB87E9 /* Preview Assets.xcassets */; };
		1404B1F524B3DFA000AB87E9 /* LaunchScreen.storyboard in Resources */ = {isa = PBXBuildFile; fileRef = 1404B1F324B3DFA000AB87E9 /* LaunchScreen.storyboard */; };
		1404B1FF24B3F92C00AB87E9 /* RestaurantScroll.swift in Sources */ = {isa = PBXBuildFile; fileRef = 1404B1FE24B3F92C00AB87E9 /* RestaurantScroll.swift */; };
		1404B20524B4149F00AB87E9 /* RestaurantAdd.swift in Sources */ = {isa = PBXBuildFile; fileRef = 1404B20424B4149F00AB87E9 /* RestaurantAdd.swift */; };
		1404B20924B44E4900AB87E9 /* RestaurantInfo.swift in Sources */ = {isa = PBXBuildFile; fileRef = 1404B20824B44E4900AB87E9 /* RestaurantInfo.swift */; };
		1404B20B24B45D1C00AB87E9 /* RestaurantEdit.swift in Sources */ = {isa = PBXBuildFile; fileRef = 1404B20A24B45D1C00AB87E9 /* RestaurantEdit.swift */; };
		1404B20D24B4715500AB87E9 /* AppView.swift in Sources */ = {isa = PBXBuildFile; fileRef = 1404B20C24B4715500AB87E9 /* AppView.swift */; };
		1404B20F24B471F500AB87E9 /* PeopleScroll.swift in Sources */ = {isa = PBXBuildFile; fileRef = 1404B20E24B471F500AB87E9 /* PeopleScroll.swift */; };
		1404B21124B4733B00AB87E9 /* OtherView.swift in Sources */ = {isa = PBXBuildFile; fileRef = 1404B21024B4733B00AB87E9 /* OtherView.swift */; };
		1404B21324B8169A00AB87E9 /* PeopleInfo.swift in Sources */ = {isa = PBXBuildFile; fileRef = 1404B21224B8169A00AB87E9 /* PeopleInfo.swift */; };
		1404B21524B8173700AB87E9 /* PeopleAdd.swift in Sources */ = {isa = PBXBuildFile; fileRef = 1404B21424B8173700AB87E9 /* PeopleAdd.swift */; };
		1404B21724B81F8500AB87E9 /* PeopleEdit.swift in Sources */ = {isa = PBXBuildFile; fileRef = 1404B21624B81F8500AB87E9 /* PeopleEdit.swift */; };
		1404B21924B831D800AB87E9 /* AddFavorite.swift in Sources */ = {isa = PBXBuildFile; fileRef = 1404B21824B831D800AB87E9 /* AddFavorite.swift */; };
		1404B21B24B8401600AB87E9 /* EditFavorite.swift in Sources */ = {isa = PBXBuildFile; fileRef = 1404B21A24B8401600AB87E9 /* EditFavorite.swift */; };
		1404B21D24BD4C4800AB87E9 /* InfoFavorite.swift in Sources */ = {isa = PBXBuildFile; fileRef = 1404B21C24BD4C4800AB87E9 /* InfoFavorite.swift */; };
		1404B21F24BD4DAC00AB87E9 /* OrderAdd.swift in Sources */ = {isa = PBXBuildFile; fileRef = 1404B21E24BD4DAC00AB87E9 /* OrderAdd.swift */; };
/* End PBXBuildFile section */

/* Begin PBXFileReference section */
		1404B1E524B3DF9E00AB87E9 /* OutToEat.app */ = {isa = PBXFileReference; explicitFileType = wrapper.application; includeInIndex = 0; path = OutToEat.app; sourceTree = BUILT_PRODUCTS_DIR; };
		1404B1E824B3DF9E00AB87E9 /* AppDelegate.swift */ = {isa = PBXFileReference; lastKnownFileType = sourcecode.swift; path = AppDelegate.swift; sourceTree = "<group>"; };
		1404B1EA24B3DF9E00AB87E9 /* SceneDelegate.swift */ = {isa = PBXFileReference; lastKnownFileType = sourcecode.swift; path = SceneDelegate.swift; sourceTree = "<group>"; };
		1404B1EC24B3DF9E00AB87E9 /* ContentView.swift */ = {isa = PBXFileReference; lastKnownFileType = sourcecode.swift; path = ContentView.swift; sourceTree = "<group>"; };
		1404B1EE24B3DFA000AB87E9 /* Assets.xcassets */ = {isa = PBXFileReference; lastKnownFileType = folder.assetcatalog; path = Assets.xcassets; sourceTree = "<group>"; };
		1404B1F124B3DFA000AB87E9 /* Preview Assets.xcassets */ = {isa = PBXFileReference; lastKnownFileType = folder.assetcatalog; path = "Preview Assets.xcassets"; sourceTree = "<group>"; };
		1404B1F424B3DFA000AB87E9 /* Base */ = {isa = PBXFileReference; lastKnownFileType = file.storyboard; name = Base; path = Base.lproj/LaunchScreen.storyboard; sourceTree = "<group>"; };
		1404B1F624B3DFA000AB87E9 /* Info.plist */ = {isa = PBXFileReference; lastKnownFileType = text.plist.xml; path = Info.plist; sourceTree = "<group>"; };
		1404B1FE24B3F92C00AB87E9 /* RestaurantScroll.swift */ = {isa = PBXFileReference; lastKnownFileType = sourcecode.swift; path = RestaurantScroll.swift; sourceTree = "<group>"; };
		1404B20424B4149F00AB87E9 /* RestaurantAdd.swift */ = {isa = PBXFileReference; lastKnownFileType = sourcecode.swift; path = RestaurantAdd.swift; sourceTree = "<group>"; };
		1404B20824B44E4900AB87E9 /* RestaurantInfo.swift */ = {isa = PBXFileReference; lastKnownFileType = sourcecode.swift; path = RestaurantInfo.swift; sourceTree = "<group>"; };
		1404B20A24B45D1C00AB87E9 /* RestaurantEdit.swift */ = {isa = PBXFileReference; lastKnownFileType = sourcecode.swift; path = RestaurantEdit.swift; sourceTree = "<group>"; };
		1404B20C24B4715500AB87E9 /* AppView.swift */ = {isa = PBXFileReference; lastKnownFileType = sourcecode.swift; path = AppView.swift; sourceTree = "<group>"; };
		1404B20E24B471F500AB87E9 /* PeopleScroll.swift */ = {isa = PBXFileReference; lastKnownFileType = sourcecode.swift; path = PeopleScroll.swift; sourceTree = "<group>"; };
		1404B21024B4733B00AB87E9 /* OtherView.swift */ = {isa = PBXFileReference; lastKnownFileType = sourcecode.swift; path = OtherView.swift; sourceTree = "<group>"; };
		1404B21224B8169A00AB87E9 /* PeopleInfo.swift */ = {isa = PBXFileReference; lastKnownFileType = sourcecode.swift; path = PeopleInfo.swift; sourceTree = "<group>"; };
		1404B21424B8173700AB87E9 /* PeopleAdd.swift */ = {isa = PBXFileReference; lastKnownFileType = sourcecode.swift; path = PeopleAdd.swift; sourceTree = "<group>"; };
		1404B21624B81F8500AB87E9 /* PeopleEdit.swift */ = {isa = PBXFileReference; lastKnownFileType = sourcecode.swift; path = PeopleEdit.swift; sourceTree = "<group>"; };
		1404B21824B831D800AB87E9 /* AddFavorite.swift */ = {isa = PBXFileReference; lastKnownFileType = sourcecode.swift; path = AddFavorite.swift; sourceTree = "<group>"; };
		1404B21A24B8401600AB87E9 /* EditFavorite.swift */ = {isa = PBXFileReference; lastKnownFileType = sourcecode.swift; path = EditFavorite.swift; sourceTree = "<group>"; };
		1404B21C24BD4C4800AB87E9 /* InfoFavorite.swift */ = {isa = PBXFileReference; lastKnownFileType = sourcecode.swift; path = InfoFavorite.swift; sourceTree = "<group>"; };
		1404B21E24BD4DAC00AB87E9 /* OrderAdd.swift */ = {isa = PBXFileReference; lastKnownFileType = sourcecode.swift; path = OrderAdd.swift; sourceTree = "<group>"; };
/* End PBXFileReference section */

/* Begin PBXFrameworksBuildPhase section */
		1404B1E224B3DF9E00AB87E9 /* Frameworks */ = {
			isa = PBXFrameworksBuildPhase;
			buildActionMask = 2147483647;
			files = (
			);
			runOnlyForDeploymentPostprocessing = 0;
		};
/* End PBXFrameworksBuildPhase section */

/* Begin PBXGroup section */
		1404B1DC24B3DF9E00AB87E9 = {
			isa = PBXGroup;
			children = (
				1404B1E724B3DF9E00AB87E9 /* OutToEat */,
				1404B1E624B3DF9E00AB87E9 /* Products */,
			);
			sourceTree = "<group>";
		};
		1404B1E624B3DF9E00AB87E9 /* Products */ = {
			isa = PBXGroup;
			children = (
				1404B1E524B3DF9E00AB87E9 /* OutToEat.app */,
			);
			name = Products;
			sourceTree = "<group>";
		};
		1404B1E724B3DF9E00AB87E9 /* OutToEat */ = {
			isa = PBXGroup;
			children = (
				1404B1E824B3DF9E00AB87E9 /* AppDelegate.swift */,
				1404B1EA24B3DF9E00AB87E9 /* SceneDelegate.swift */,
				1404B1EC24B3DF9E00AB87E9 /* ContentView.swift */,
				1404B1FE24B3F92C00AB87E9 /* RestaurantScroll.swift */,
				1404B20424B4149F00AB87E9 /* RestaurantAdd.swift */,
				1404B20824B44E4900AB87E9 /* RestaurantInfo.swift */,
				1404B20A24B45D1C00AB87E9 /* RestaurantEdit.swift */,
				1404B1EE24B3DFA000AB87E9 /* Assets.xcassets */,
				1404B1F324B3DFA000AB87E9 /* LaunchScreen.storyboard */,
				1404B1F624B3DFA000AB87E9 /* Info.plist */,
				1404B1F024B3DFA000AB87E9 /* Preview Content */,
				1404B20C24B4715500AB87E9 /* AppView.swift */,
				1404B20E24B471F500AB87E9 /* PeopleScroll.swift */,
				1404B21224B8169A00AB87E9 /* PeopleInfo.swift */,
				1404B21424B8173700AB87E9 /* PeopleAdd.swift */,
				1404B21624B81F8500AB87E9 /* PeopleEdit.swift */,
				1404B21824B831D800AB87E9 /* AddFavorite.swift */,
				1404B21A24B8401600AB87E9 /* EditFavorite.swift */,
				1404B21C24BD4C4800AB87E9 /* InfoFavorite.swift */,
				1404B21024B4733B00AB87E9 /* OtherView.swift */,
				1404B21E24BD4DAC00AB87E9 /* OrderAdd.swift */,
			);
			path = OutToEat;
			sourceTree = "<group>";
		};
		1404B1F024B3DFA000AB87E9 /* Preview Content */ = {
			isa = PBXGroup;
			children = (
				1404B1F124B3DFA000AB87E9 /* Preview Assets.xcassets */,
			);
			path = "Preview Content";
			sourceTree = "<group>";
		};
/* End PBXGroup section */

/* Begin PBXNativeTarget section */
		1404B1E424B3DF9E00AB87E9 /* OutToEat */ = {
			isa = PBXNativeTarget;
			buildConfigurationList = 1404B1F924B3DFA000AB87E9 /* Build configuration list for PBXNativeTarget "OutToEat" */;
			buildPhases = (
				1404B1E124B3DF9E00AB87E9 /* Sources */,
				1404B1E224B3DF9E00AB87E9 /* Frameworks */,
				1404B1E324B3DF9E00AB87E9 /* Resources */,
			);
			buildRules = (
			);
			dependencies = (
			);
			name = OutToEat;
			productName = OutToEat;
			productReference = 1404B1E524B3DF9E00AB87E9 /* OutToEat.app */;
			productType = "com.apple.product-type.application";
		};
/* End PBXNativeTarget section */

/* Begin PBXProject section */
		1404B1DD24B3DF9E00AB87E9 /* Project object */ = {
			isa = PBXProject;
			attributes = {
				LastSwiftUpdateCheck = 1130;
				LastUpgradeCheck = 1130;
				ORGANIZATIONNAME = "Zack Smalley";
				TargetAttributes = {
					1404B1E424B3DF9E00AB87E9 = {
						CreatedOnToolsVersion = 11.3.1;
					};
				};
			};
			buildConfigurationList = 1404B1E024B3DF9E00AB87E9 /* Build configuration list for PBXProject "OutToEat" */;
			compatibilityVersion = "Xcode 9.3";
			developmentRegion = en;
			hasScannedForEncodings = 0;
			knownRegions = (
				en,
				Base,
			);
			mainGroup = 1404B1DC24B3DF9E00AB87E9;
			productRefGroup = 1404B1E624B3DF9E00AB87E9 /* Products */;
			projectDirPath = "";
			projectRoot = "";
			targets = (
				1404B1E424B3DF9E00AB87E9 /* OutToEat */,
			);
		};
/* End PBXProject section */

/* Begin PBXResourcesBuildPhase section */
		1404B1E324B3DF9E00AB87E9 /* Resources */ = {
			isa = PBXResourcesBuildPhase;
			buildActionMask = 2147483647;
			files = (
				1404B1F524B3DFA000AB87E9 /* LaunchScreen.storyboard in Resources */,
				1404B1F224B3DFA000AB87E9 /* Preview Assets.xcassets in Resources */,
				1404B1EF24B3DFA000AB87E9 /* Assets.xcassets in Resources */,
			);
			runOnlyForDeploymentPostprocessing = 0;
		};
/* End PBXResourcesBuildPhase section */

/* Begin PBXSourcesBuildPhase section */
		1404B1E124B3DF9E00AB87E9 /* Sources */ = {
			isa = PBXSourcesBuildPhase;
			buildActionMask = 2147483647;
			files = (
				1404B21524B8173700AB87E9 /* PeopleAdd.swift in Sources */,
				1404B21924B831D800AB87E9 /* AddFavorite.swift in Sources */,
				1404B21324B8169A00AB87E9 /* PeopleInfo.swift in Sources */,
				1404B21724B81F8500AB87E9 /* PeopleEdit.swift in Sources */,
				1404B1E924B3DF9E00AB87E9 /* AppDelegate.swift in Sources */,
				1404B20F24B471F500AB87E9 /* PeopleScroll.swift in Sources */,
				1404B1EB24B3DF9E00AB87E9 /* SceneDelegate.swift in Sources */,
				1404B1ED24B3DF9E00AB87E9 /* ContentView.swift in Sources */,
				1404B20B24B45D1C00AB87E9 /* RestaurantEdit.swift in Sources */,
				1404B21D24BD4C4800AB87E9 /* InfoFavorite.swift in Sources */,
				1404B20D24B4715500AB87E9 /* AppView.swift in Sources */,
				1404B1FF24B3F92C00AB87E9 /* RestaurantScroll.swift in Sources */,
				1404B20924B44E4900AB87E9 /* RestaurantInfo.swift in Sources */,
				1404B20524B4149F00AB87E9 /* RestaurantAdd.swift in Sources */,
				1404B21124B4733B00AB87E9 /* OtherView.swift in Sources */,
				1404B21B24B8401600AB87E9 /* EditFavorite.swift in Sources */,
				1404B21F24BD4DAC00AB87E9 /* OrderAdd.swift in Sources */,
			);
			runOnlyForDeploymentPostprocessing = 0;
		};
/* End PBXSourcesBuildPhase section */

/* Begin PBXVariantGroup section */
		1404B1F324B3DFA000AB87E9 /* LaunchScreen.storyboard */ = {
			isa = PBXVariantGroup;
			children = (
				1404B1F424B3DFA000AB87E9 /* Base */,
			);
			name = LaunchScreen.storyboard;
			sourceTree = "<group>";
		};
/* End PBXVariantGroup section */

/* Begin XCBuildConfiguration section */
		1404B1F724B3DFA000AB87E9 /* Debug */ = {
			isa = XCBuildConfiguration;
			buildSettings = {
				ALWAYS_SEARCH_USER_PATHS = NO;
				CLANG_ANALYZER_NONNULL = YES;
				CLANG_ANALYZER_NUMBER_OBJECT_CONVERSION = YES_AGGRESSIVE;
				CLANG_CXX_LANGUAGE_STANDARD = "gnu++14";
				CLANG_CXX_LIBRARY = "libc++";
				CLANG_ENABLE_MODULES = YES;
				CLANG_ENABLE_OBJC_ARC = YES;
				CLANG_ENABLE_OBJC_WEAK = YES;
				CLANG_WARN_BLOCK_CAPTURE_AUTORELEASING = YES;
				CLANG_WARN_BOOL_CONVERSION = YES;
				CLANG_WARN_COMMA = YES;
				CLANG_WARN_CONSTANT_CONVERSION = YES;
				CLANG_WARN_DEPRECATED_OBJC_IMPLEMENTATIONS = YES;
				CLANG_WARN_DIRECT_OBJC_ISA_USAGE = YES_ERROR;
				CLANG_WARN_DOCUMENTATION_COMMENTS = YES;
				CLANG_WARN_EMPTY_BODY = YES;
				CLANG_WARN_ENUM_CONVERSION = YES;
				CLANG_WARN_INFINITE_RECURSION = YES;
				CLANG_WARN_INT_CONVERSION = YES;
				CLANG_WARN_NON_LITERAL_NULL_CONVERSION = YES;
				CLANG_WARN_OBJC_IMPLICIT_RETAIN_SELF = YES;
				CLANG_WARN_OBJC_LITERAL_CONVERSION = YES;
				CLANG_WARN_OBJC_ROOT_CLASS = YES_ERROR;
				CLANG_WARN_RANGE_LOOP_ANALYSIS = YES;
				CLANG_WARN_STRICT_PROTOTYPES = YES;
				CLANG_WARN_SUSPICIOUS_MOVE = YES;
				CLANG_WARN_UNGUARDED_AVAILABILITY = YES_AGGRESSIVE;
				CLANG_WARN_UNREACHABLE_CODE = YES;
				CLANG_WARN__DUPLICATE_METHOD_MATCH = YES;
				COPY_PHASE_STRIP = NO;
				DEBUG_INFORMATION_FORMAT = dwarf;
				ENABLE_STRICT_OBJC_MSGSEND = YES;
				ENABLE_TESTABILITY = YES;
				GCC_C_LANGUAGE_STANDARD = gnu11;
				GCC_DYNAMIC_NO_PIC = NO;
				GCC_NO_COMMON_BLOCKS = YES;
				GCC_OPTIMIZATION_LEVEL = 0;
				GCC_PREPROCESSOR_DEFINITIONS = (
					"DEBUG=1",
					"$(inherited)",
				);
				GCC_WARN_64_TO_32_BIT_CONVERSION = YES;
				GCC_WARN_ABOUT_RETURN_TYPE = YES_ERROR;
				GCC_WARN_UNDECLARED_SELECTOR = YES;
				GCC_WARN_UNINITIALIZED_AUTOS = YES_AGGRESSIVE;
				GCC_WARN_UNUSED_FUNCTION = YES;
				GCC_WARN_UNUSED_VARIABLE = YES;
				IPHONEOS_DEPLOYMENT_TARGET = 13.2;
				MTL_ENABLE_DEBUG_INFO = INCLUDE_SOURCE;
				MTL_FAST_MATH = YES;
				ONLY_ACTIVE_ARCH = YES;
				SDKROOT = iphoneos;
				SWIFT_ACTIVE_COMPILATION_CONDITIONS = DEBUG;
				SWIFT_OPTIMIZATION_LEVEL = "-Onone";
			};
			name = Debug;
		};
		1404B1F824B3DFA000AB87E9 /* Release */ = {
			isa = XCBuildConfiguration;
			buildSettings = {
				ALWAYS_SEARCH_USER_PATHS = NO;
				CLANG_ANALYZER_NONNULL = YES;
				CLANG_ANALYZER_NUMBER_OBJECT_CONVERSION = YES_AGGRESSIVE;
				CLANG_CXX_LANGUAGE_STANDARD = "gnu++14";
				CLANG_CXX_LIBRARY = "libc++";
				CLANG_ENABLE_MODULES = YES;
				CLANG_ENABLE_OBJC_ARC = YES;
				CLANG_ENABLE_OBJC_WEAK = YES;
				CLANG_WARN_BLOCK_CAPTURE_AUTORELEASING = YES;
				CLANG_WARN_BOOL_CONVERSION = YES;
				CLANG_WARN_COMMA = YES;
				CLANG_WARN_CONSTANT_CONVERSION = YES;
				CLANG_WARN_DEPRECATED_OBJC_IMPLEMENTATIONS = YES;
				CLANG_WARN_DIRECT_OBJC_ISA_USAGE = YES_ERROR;
				CLANG_WARN_DOCUMENTATION_COMMENTS = YES;
				CLANG_WARN_EMPTY_BODY = YES;
				CLANG_WARN_ENUM_CONVERSION = YES;
				CLANG_WARN_INFINITE_RECURSION = YES;
				CLANG_WARN_INT_CONVERSION = YES;
				CLANG_WARN_NON_LITERAL_NULL_CONVERSION = YES;
				CLANG_WARN_OBJC_IMPLICIT_RETAIN_SELF = YES;
				CLANG_WARN_OBJC_LITERAL_CONVERSION = YES;
				CLANG_WARN_OBJC_ROOT_CLASS = YES_ERROR;
				CLANG_WARN_RANGE_LOOP_ANALYSIS = YES;
				CLANG_WARN_STRICT_PROTOTYPES = YES;
				CLANG_WARN_SUSPICIOUS_MOVE = YES;
				CLANG_WARN_UNGUARDED_AVAILABILITY = YES_AGGRESSIVE;
				CLANG_WARN_UNREACHABLE_CODE = YES;
				CLANG_WARN__DUPLICATE_METHOD_MATCH = YES;
				COPY_PHASE_STRIP = NO;
				DEBUG_INFORMATION_FORMAT = "dwarf-with-dsym";
				ENABLE_NS_ASSERTIONS = NO;
				ENABLE_STRICT_OBJC_MSGSEND = YES;
				GCC_C_LANGUAGE_STANDARD = gnu11;
				GCC_NO_COMMON_BLOCKS = YES;
				GCC_WARN_64_TO_32_BIT_CONVERSION = YES;
				GCC_WARN_ABOUT_RETURN_TYPE = YES_ERROR;
				GCC_WARN_UNDECLARED_SELECTOR = YES;
				GCC_WARN_UNINITIALIZED_AUTOS = YES_AGGRESSIVE;
				GCC_WARN_UNUSED_FUNCTION = YES;
				GCC_WARN_UNUSED_VARIABLE = YES;
				IPHONEOS_DEPLOYMENT_TARGET = 13.2;
				MTL_ENABLE_DEBUG_INFO = NO;
				MTL_FAST_MATH = YES;
				SDKROOT = iphoneos;
				SWIFT_COMPILATION_MODE = wholemodule;
				SWIFT_OPTIMIZATION_LEVEL = "-O";
				VALIDATE_PRODUCT = YES;
			};
			name = Release;
		};
		1404B1FA24B3DFA000AB87E9 /* Debug */ = {
			isa = XCBuildConfiguration;
			buildSettings = {
				ASSETCATALOG_COMPILER_APPICON_NAME = AppIcon;
				CODE_SIGN_STYLE = Automatic;
				DEVELOPMENT_ASSET_PATHS = "\"OutToEat/Preview Content\"";
				DEVELOPMENT_TEAM = 6W4MSM9FXP;
				ENABLE_PREVIEWS = YES;
				INFOPLIST_FILE = OutToEat/Info.plist;
				LD_RUNPATH_SEARCH_PATHS = (
					"$(inherited)",
					"@executable_path/Frameworks",
				);
				PRODUCT_BUNDLE_IDENTIFIER = com.zacksmalley.OutToEat;
				PRODUCT_NAME = "$(TARGET_NAME)";
				SWIFT_VERSION = 5.0;
				TARGETED_DEVICE_FAMILY = "1,2";
			};
			name = Debug;
		};
		1404B1FB24B3DFA000AB87E9 /* Release */ = {
			isa = XCBuildConfiguration;
			buildSettings = {
				ASSETCATALOG_COMPILER_APPICON_NAME = AppIcon;
				CODE_SIGN_STYLE = Automatic;
				DEVELOPMENT_ASSET_PATHS = "\"OutToEat/Preview Content\"";
				DEVELOPMENT_TEAM = 6W4MSM9FXP;
				ENABLE_PREVIEWS = YES;
				INFOPLIST_FILE = OutToEat/Info.plist;
				LD_RUNPATH_SEARCH_PATHS = (
					"$(inherited)",
					"@executable_path/Frameworks",
				);
				PRODUCT_BUNDLE_IDENTIFIER = com.zacksmalley.OutToEat;
				PRODUCT_NAME = "$(TARGET_NAME)";
				SWIFT_VERSION = 5.0;
				TARGETED_DEVICE_FAMILY = "1,2";
			};
			name = Release;
		};
/* End XCBuildConfiguration section */

/* Begin XCConfigurationList section */
		1404B1E024B3DF9E00AB87E9 /* Build configuration list for PBXProject "OutToEat" */ = {
			isa = XCConfigurationList;
			buildConfigurations = (
				1404B1F724B3DFA000AB87E9 /* Debug */,
				1404B1F824B3DFA000AB87E9 /* Release */,
			);
			defaultConfigurationIsVisible = 0;
			defaultConfigurationName = Release;
		};
		1404B1F924B3DFA000AB87E9 /* Build configuration list for PBXNativeTarget "OutToEat" */ = {
			isa = XCConfigurationList;
			buildConfigurations = (
				1404B1FA24B3DFA000AB87E9 /* Debug */,
				1404B1FB24B3DFA000AB87E9 /* Release */,
			);
			defaultConfigurationIsVisible = 0;
			defaultConfigurationName = Release;
		};
/* End XCConfigurationList section */
	};
	rootObject = 1404B1DD24B3DF9E00AB87E9 /* Project object */;
}
